
Microsoft Visual Studio Solution File, Format Version 12.00
# Visual Studio Version 17
VisualStudioVersion = 17.0.31903.59
MinimumVisualStudioVersion = 10.0.40219.1
Project("{2150E333-8FDC-42A3-9474-1A3956D46DE8}") = "src", "src", "{4EA45D06-8BDD-43F6-A02A-DEFF4AB13788}"
EndProject
Project("{FAE04EC0-301F-11D3-BF4B-00C04F79EFBC}") = "Domain", "src\Domain\Domain.csproj", "{DD50444C-B14B-43AC-B513-47801EFC425E}"
EndProject
Project("{FAE04EC0-301F-11D3-BF4B-00C04F79EFBC}") = "Application", "src\Application\Application.csproj", "{7A6183C6-FC44-4B91-8CF2-6D0791FE9D78}"
EndProject
Project("{FAE04EC0-301F-11D3-BF4B-00C04F79EFBC}") = "Infrastructure", "src\Infrastructure\Infrastructure.csproj", "{DA981EB8-0DCA-4AAA-846B-3121DF524735}"
EndProject
Project("{FAE04EC0-301F-11D3-BF4B-00C04F79EFBC}") = "DbMigrations", "src\DbMigrations\DbMigrations.csproj", "{D4CF11CA-D0BF-450E-B50C-F5C101ADC693}"
EndProject
Project("{FAE04EC0-301F-11D3-BF4B-00C04F79EFBC}") = "WebApi", "src\WebApi\WebApi.csproj", "{728E7119-31E9-459C-BA0D-3875288EA8C9}"
EndProject
Global
	GlobalSection(SolutionConfigurationPlatforms) = preSolution
		Debug|Any CPU = Debug|Any CPU
		Release|Any CPU = Release|Any CPU
	EndGlobalSection
	GlobalSection(SolutionProperties) = preSolution
		HideSolutionNode = FALSE
	EndGlobalSection
	GlobalSection(ProjectConfigurationPlatforms) = postSolution
		{DD50444C-B14B-43AC-B513-47801EFC425E}.Debug|Any CPU.ActiveCfg = Debug|Any CPU
		{DD50444C-B14B-43AC-B513-47801EFC425E}.Debug|Any CPU.Build.0 = Debug|Any CPU
		{DD50444C-B14B-43AC-B513-47801EFC425E}.Release|Any CPU.ActiveCfg = Release|Any CPU
		{DD50444C-B14B-43AC-B513-47801EFC425E}.Release|Any CPU.Build.0 = Release|Any CPU
		{7A6183C6-FC44-4B91-8CF2-6D0791FE9D78}.Debug|Any CPU.ActiveCfg = Debug|Any CPU
		{7A6183C6-FC44-4B91-8CF2-6D0791FE9D78}.Debug|Any CPU.Build.0 = Debug|Any CPU
		{7A6183C6-FC44-4B91-8CF2-6D0791FE9D78}.Release|Any CPU.ActiveCfg = Release|Any CPU
		{7A6183C6-FC44-4B91-8CF2-6D0791FE9D78}.Release|Any CPU.Build.0 = Release|Any CPU
		{DA981EB8-0DCA-4AAA-846B-3121DF524735}.Debug|Any CPU.ActiveCfg = Debug|Any CPU
		{DA981EB8-0DCA-4AAA-846B-3121DF524735}.Debug|Any CPU.Build.0 = Debug|Any CPU
		{DA981EB8-0DCA-4AAA-846B-3121DF524735}.Release|Any CPU.ActiveCfg = Release|Any CPU
		{DA981EB8-0DCA-4AAA-846B-3121DF524735}.Release|Any CPU.Build.0 = Release|Any CPU
		{D4CF11CA-D0BF-450E-B50C-F5C101ADC693}.Debug|Any CPU.ActiveCfg = Debug|Any CPU
		{D4CF11CA-D0BF-450E-B50C-F5C101ADC693}.Debug|Any CPU.Build.0 = Debug|Any CPU
		{D4CF11CA-D0BF-450E-B50C-F5C101ADC693}.Release|Any CPU.ActiveCfg = Release|Any CPU
		{D4CF11CA-D0BF-450E-B50C-F5C101ADC693}.Release|Any CPU.Build.0 = Release|Any CPU
		{728E7119-31E9-459C-BA0D-3875288EA8C9}.Debug|Any CPU.ActiveCfg = Debug|Any CPU
		{728E7119-31E9-459C-BA0D-3875288EA8C9}.Debug|Any CPU.Build.0 = Debug|Any CPU
		{728E7119-31E9-459C-BA0D-3875288EA8C9}.Release|Any CPU.ActiveCfg = Release|Any CPU
		{728E7119-31E9-459C-BA0D-3875288EA8C9}.Release|Any CPU.Build.0 = Release|Any CPU
	EndGlobalSection
	GlobalSection(NestedProjects) = preSolution
		{DD50444C-B14B-43AC-B513-47801EFC425E} = {4EA45D06-8BDD-43F6-A02A-DEFF4AB13788}
		{7A6183C6-FC44-4B91-8CF2-6D0791FE9D78} = {4EA45D06-8BDD-43F6-A02A-DEFF4AB13788}
		{DA981EB8-0DCA-4AAA-846B-3121DF524735} = {4EA45D06-8BDD-43F6-A02A-DEFF4AB13788}
		{D4CF11CA-D0BF-450E-B50C-F5C101ADC693} = {4EA45D06-8BDD-43F6-A02A-DEFF4AB13788}
		{728E7119-31E9-459C-BA0D-3875288EA8C9} = {4EA45D06-8BDD-43F6-A02A-DEFF4AB13788}
	EndGlobalSection
EndGlobal
