
Microsoft Visual Studio Solution File, Format Version 12.00
# Visual Studio Version 17
VisualStudioVersion = 17.0.31903.59
MinimumVisualStudioVersion = 10.0.40219.1
Project("{2150E333-8FDC-42A3-9474-1A3956D46DE8}") = "src", "src", "{16E70F6D-79CD-4F84-AB4D-B2FFDA93B2E3}"
EndProject
Project("{FAE04EC0-301F-11D3-BF4B-00C04F79EFBC}") = "Domain", "src\Domain\Domain.csproj", "{EEB3873E-AA39-4EE1-9EF4-FABB6118CDF3}"
EndProject
Project("{FAE04EC0-301F-11D3-BF4B-00C04F79EFBC}") = "Application", "src\Application\Application.csproj", "{F4FEEDD0-F46A-4F6C-A05F-DC7D5E6D51C5}"
EndProject
Project("{FAE04EC0-301F-11D3-BF4B-00C04F79EFBC}") = "Infrastructure", "src\Infrastructure\Infrastructure.csproj", "{4041B1DC-9652-42D7-A283-CF2467206A7F}"
EndProject
Project("{FAE04EC0-301F-11D3-BF4B-00C04F79EFBC}") = "DbMigrations", "src\DbMigrations\DbMigrations.csproj", "{FC7D8F96-903C-4A01-9973-9D7F08E5E307}"
EndProject
Project("{FAE04EC0-301F-11D3-BF4B-00C04F79EFBC}") = "WebApi", "src\WebApi\WebApi.csproj", "{2F9581C3-F80D-436B-96B4-314B81B7B30B}"
EndProject
Global
	GlobalSection(SolutionConfigurationPlatforms) = preSolution
		Debug|Any CPU = Debug|Any CPU
		Release|Any CPU = Release|Any CPU
	EndGlobalSection
	GlobalSection(SolutionProperties) = preSolution
		HideSolutionNode = FALSE
	EndGlobalSection
	GlobalSection(ProjectConfigurationPlatforms) = postSolution
		{EEB3873E-AA39-4EE1-9EF4-FABB6118CDF3}.Debug|Any CPU.ActiveCfg = Debug|Any CPU
		{EEB3873E-AA39-4EE1-9EF4-FABB6118CDF3}.Debug|Any CPU.Build.0 = Debug|Any CPU
		{EEB3873E-AA39-4EE1-9EF4-FABB6118CDF3}.Release|Any CPU.ActiveCfg = Release|Any CPU
		{EEB3873E-AA39-4EE1-9EF4-FABB6118CDF3}.Release|Any CPU.Build.0 = Release|Any CPU
		{F4FEEDD0-F46A-4F6C-A05F-DC7D5E6D51C5}.Debug|Any CPU.ActiveCfg = Debug|Any CPU
		{F4FEEDD0-F46A-4F6C-A05F-DC7D5E6D51C5}.Debug|Any CPU.Build.0 = Debug|Any CPU
		{F4FEEDD0-F46A-4F6C-A05F-DC7D5E6D51C5}.Release|Any CPU.ActiveCfg = Release|Any CPU
		{F4FEEDD0-F46A-4F6C-A05F-DC7D5E6D51C5}.Release|Any CPU.Build.0 = Release|Any CPU
		{4041B1DC-9652-42D7-A283-CF2467206A7F}.Debug|Any CPU.ActiveCfg = Debug|Any CPU
		{4041B1DC-9652-42D7-A283-CF2467206A7F}.Debug|Any CPU.Build.0 = Debug|Any CPU
		{4041B1DC-9652-42D7-A283-CF2467206A7F}.Release|Any CPU.ActiveCfg = Release|Any CPU
		{4041B1DC-9652-42D7-A283-CF2467206A7F}.Release|Any CPU.Build.0 = Release|Any CPU
		{FC7D8F96-903C-4A01-9973-9D7F08E5E307}.Debug|Any CPU.ActiveCfg = Debug|Any CPU
		{FC7D8F96-903C-4A01-9973-9D7F08E5E307}.Debug|Any CPU.Build.0 = Debug|Any CPU
		{FC7D8F96-903C-4A01-9973-9D7F08E5E307}.Release|Any CPU.ActiveCfg = Release|Any CPU
		{FC7D8F96-903C-4A01-9973-9D7F08E5E307}.Release|Any CPU.Build.0 = Release|Any CPU
		{2F9581C3-F80D-436B-96B4-314B81B7B30B}.Debug|Any CPU.ActiveCfg = Debug|Any CPU
		{2F9581C3-F80D-436B-96B4-314B81B7B30B}.Debug|Any CPU.Build.0 = Debug|Any CPU
		{2F9581C3-F80D-436B-96B4-314B81B7B30B}.Release|Any CPU.ActiveCfg = Release|Any CPU
		{2F9581C3-F80D-436B-96B4-314B81B7B30B}.Release|Any CPU.Build.0 = Release|Any CPU
		{2C88593F-D3DC-4A4C-9616-1F92343B865A}.Debug|Any CPU.ActiveCfg = Debug|Any CPU
		{2C88593F-D3DC-4A4C-9616-1F92343B865A}.Debug|Any CPU.Build.0 = Debug|Any CPU
		{2C88593F-D3DC-4A4C-9616-1F92343B865A}.Release|Any CPU.ActiveCfg = Release|Any CPU
		{2C88593F-D3DC-4A4C-9616-1F92343B865A}.Release|Any CPU.Build.0 = Release|Any CPU
		{EE3616E7-21B4-428D-B533-753BFC7CFB9F}.Debug|Any CPU.ActiveCfg = Debug|Any CPU
		{EE3616E7-21B4-428D-B533-753BFC7CFB9F}.Debug|Any CPU.Build.0 = Debug|Any CPU
		{EE3616E7-21B4-428D-B533-753BFC7CFB9F}.Release|Any CPU.ActiveCfg = Release|Any CPU
		{EE3616E7-21B4-428D-B533-753BFC7CFB9F}.Release|Any CPU.Build.0 = Release|Any CPU
		{BFE79D8F-7803-489C-B0A8-9650E0A94252}.Debug|Any CPU.ActiveCfg = Debug|Any CPU
		{BFE79D8F-7803-489C-B0A8-9650E0A94252}.Debug|Any CPU.Build.0 = Debug|Any CPU
		{BFE79D8F-7803-489C-B0A8-9650E0A94252}.Release|Any CPU.ActiveCfg = Release|Any CPU
		{BFE79D8F-7803-489C-B0A8-9650E0A94252}.Release|Any CPU.Build.0 = Release|Any CPU
	EndGlobalSection
	GlobalSection(NestedProjects) = preSolution
		{EEB3873E-AA39-4EE1-9EF4-FABB6118CDF3} = {16E70F6D-79CD-4F84-AB4D-B2FFDA93B2E3}
		{F4FEEDD0-F46A-4F6C-A05F-DC7D5E6D51C5} = {16E70F6D-79CD-4F84-AB4D-B2FFDA93B2E3}
		{4041B1DC-9652-42D7-A283-CF2467206A7F} = {16E70F6D-79CD-4F84-AB4D-B2FFDA93B2E3}
		{FC7D8F96-903C-4A01-9973-9D7F08E5E307} = {16E70F6D-79CD-4F84-AB4D-B2FFDA93B2E3}
		{2F9581C3-F80D-436B-96B4-314B81B7B30B} = {16E70F6D-79CD-4F84-AB4D-B2FFDA93B2E3}
		{1A6C7BC3-C614-47DA-B2EC-CDBD7BA15937} = {16E70F6D-79CD-4F84-AB4D-B2FFDA93B2E3}
		{2C88593F-D3DC-4A4C-9616-1F92343B865A} = {1A6C7BC3-C614-47DA-B2EC-CDBD7BA15937}
		{EE3616E7-21B4-428D-B533-753BFC7CFB9F} = {1A6C7BC3-C614-47DA-B2EC-CDBD7BA15937}
		{BFE79D8F-7803-489C-B0A8-9650E0A94252} = {1A6C7BC3-C614-47DA-B2EC-CDBD7BA15937}
	EndGlobalSection
EndGlobal
